
Microsoft Visual Studio Solution File, Format Version 12.00
# Visual Studio 15
VisualStudioVersion = 15.0.28307.572
MinimumVisualStudioVersion = 10.0.40219.1
Project("{FAE04EC0-301F-11D3-BF4B-00C04F79EFBC}") = "InterfaceExample", "InterfaceExample\InterfaceExample.csproj", "{33629DB9-3543-4579-880E-E46C68379906}"
EndProject
Global
	GlobalSection(SolutionConfigurationPlatforms) = preSolution
		Debug|Any CPU = Debug|Any CPU
		Release|Any CPU = Release|Any CPU
	EndGlobalSection
	GlobalSection(ProjectConfigurationPlatforms) = postSolution
		{33629DB9-3543-4579-880E-E46C68379906}.Debug|Any CPU.ActiveCfg = Debug|Any CPU
		{33629DB9-3543-4579-880E-E46C68379906}.Debug|Any CPU.Build.0 = Debug|Any CPU
		{33629DB9-3543-4579-880E-E46C68379906}.Release|Any CPU.ActiveCfg = Release|Any CPU
		{33629DB9-3543-4579-880E-E46C68379906}.Release|Any CPU.Build.0 = Release|Any CPU
	EndGlobalSection
	GlobalSection(SolutionProperties) = preSolution
		HideSolutionNode = FALSE
	EndGlobalSection
	GlobalSection(ExtensibilityGlobals) = postSolution
		SolutionGuid = {3735F65E-6692-43E1-BD67-BD408F5B3FCA}
	EndGlobalSection
EndGlobal
