
Microsoft Visual Studio Solution File, Format Version 12.00
# Visual Studio 15
VisualStudioVersion = 15.0.28307.572
MinimumVisualStudioVersion = 10.0.40219.1
Project("{FAE04EC0-301F-11D3-BF4B-00C04F79EFBC}") = "ConstructorApp", "ConstructorApp\ConstructorApp.csproj", "{6DDCD6C0-795E-4C8B-8212-1CA72588E159}"
EndProject
Global
	GlobalSection(SolutionConfigurationPlatforms) = preSolution
		Debug|Any CPU = Debug|Any CPU
		Release|Any CPU = Release|Any CPU
	EndGlobalSection
	GlobalSection(ProjectConfigurationPlatforms) = postSolution
		{6DDCD6C0-795E-4C8B-8212-1CA72588E159}.Debug|Any CPU.ActiveCfg = Debug|Any CPU
		{6DDCD6C0-795E-4C8B-8212-1CA72588E159}.Debug|Any CPU.Build.0 = Debug|Any CPU
		{6DDCD6C0-795E-4C8B-8212-1CA72588E159}.Release|Any CPU.ActiveCfg = Release|Any CPU
		{6DDCD6C0-795E-4C8B-8212-1CA72588E159}.Release|Any CPU.Build.0 = Release|Any CPU
	EndGlobalSection
	GlobalSection(SolutionProperties) = preSolution
		HideSolutionNode = FALSE
	EndGlobalSection
	GlobalSection(ExtensibilityGlobals) = postSolution
		SolutionGuid = {BD850C50-BC93-4BD6-BEAA-892E9CCB1BDA}
	EndGlobalSection
EndGlobal
