
Microsoft Visual Studio Solution File, Format Version 12.00
# Visual Studio 15
VisualStudioVersion = 15.0.28307.852
MinimumVisualStudioVersion = 10.0.40219.1
Project("{FAE04EC0-301F-11D3-BF4B-00C04F79EFBC}") = "AdvanceHelperAndDataAnnotation", "AdvanceHelperAndDataAnnotation\AdvanceHelperAndDataAnnotation.csproj", "{4D088D8D-5E32-4636-8E03-224C9DCE9FEC}"
EndProject
Global
	GlobalSection(SolutionConfigurationPlatforms) = preSolution
		Debug|Any CPU = Debug|Any CPU
		Release|Any CPU = Release|Any CPU
	EndGlobalSection
	GlobalSection(ProjectConfigurationPlatforms) = postSolution
		{4D088D8D-5E32-4636-8E03-224C9DCE9FEC}.Debug|Any CPU.ActiveCfg = Debug|Any CPU
		{4D088D8D-5E32-4636-8E03-224C9DCE9FEC}.Debug|Any CPU.Build.0 = Debug|Any CPU
		{4D088D8D-5E32-4636-8E03-224C9DCE9FEC}.Release|Any CPU.ActiveCfg = Release|Any CPU
		{4D088D8D-5E32-4636-8E03-224C9DCE9FEC}.Release|Any CPU.Build.0 = Release|Any CPU
	EndGlobalSection
	GlobalSection(SolutionProperties) = preSolution
		HideSolutionNode = FALSE
	EndGlobalSection
	GlobalSection(ExtensibilityGlobals) = postSolution
		SolutionGuid = {DA017FA5-BDD9-4C43-A724-F70CCA6C671B}
	EndGlobalSection
EndGlobal
