
Microsoft Visual Studio Solution File, Format Version 12.00
# Visual Studio 15
VisualStudioVersion = 15.0.28307.852
MinimumVisualStudioVersion = 10.0.40219.1
Project("{FAE04EC0-301F-11D3-BF4B-00C04F79EFBC}") = "BookInformationManagement", "BookInformationManagement\BookInformationManagement.csproj", "{1273A477-2F6A-404E-86EB-8CE802CAD338}"
EndProject
Global
	GlobalSection(SolutionConfigurationPlatforms) = preSolution
		Debug|Any CPU = Debug|Any CPU
		Release|Any CPU = Release|Any CPU
	EndGlobalSection
	GlobalSection(ProjectConfigurationPlatforms) = postSolution
		{1273A477-2F6A-404E-86EB-8CE802CAD338}.Debug|Any CPU.ActiveCfg = Debug|Any CPU
		{1273A477-2F6A-404E-86EB-8CE802CAD338}.Debug|Any CPU.Build.0 = Debug|Any CPU
		{1273A477-2F6A-404E-86EB-8CE802CAD338}.Release|Any CPU.ActiveCfg = Release|Any CPU
		{1273A477-2F6A-404E-86EB-8CE802CAD338}.Release|Any CPU.Build.0 = Release|Any CPU
	EndGlobalSection
	GlobalSection(SolutionProperties) = preSolution
		HideSolutionNode = FALSE
	EndGlobalSection
	GlobalSection(ExtensibilityGlobals) = postSolution
		SolutionGuid = {7817FA94-5F8D-4CD6-B521-59BDBC14E646}
	EndGlobalSection
EndGlobal
