
Microsoft Visual Studio Solution File, Format Version 12.00
# Visual Studio 15
VisualStudioVersion = 15.0.28307.852
MinimumVisualStudioVersion = 10.0.40219.1
Project("{FAE04EC0-301F-11D3-BF4B-00C04F79EFBC}") = "Scaffolding", "Scaffolding\Scaffolding.csproj", "{7E808FB0-022C-42BB-8A01-827A177ECF19}"
EndProject
Global
	GlobalSection(SolutionConfigurationPlatforms) = preSolution
		Debug|Any CPU = Debug|Any CPU
		Release|Any CPU = Release|Any CPU
	EndGlobalSection
	GlobalSection(ProjectConfigurationPlatforms) = postSolution
		{7E808FB0-022C-42BB-8A01-827A177ECF19}.Debug|Any CPU.ActiveCfg = Debug|Any CPU
		{7E808FB0-022C-42BB-8A01-827A177ECF19}.Debug|Any CPU.Build.0 = Debug|Any CPU
		{7E808FB0-022C-42BB-8A01-827A177ECF19}.Release|Any CPU.ActiveCfg = Release|Any CPU
		{7E808FB0-022C-42BB-8A01-827A177ECF19}.Release|Any CPU.Build.0 = Release|Any CPU
	EndGlobalSection
	GlobalSection(SolutionProperties) = preSolution
		HideSolutionNode = FALSE
	EndGlobalSection
	GlobalSection(ExtensibilityGlobals) = postSolution
		SolutionGuid = {5395C3EA-CD9D-49DC-8DA3-2F7884154369}
	EndGlobalSection
EndGlobal
