
Microsoft Visual Studio Solution File, Format Version 12.00
# Visual Studio 15
VisualStudioVersion = 15.0.28307.852
MinimumVisualStudioVersion = 10.0.40219.1
Project("{FAE04EC0-301F-11D3-BF4B-00C04F79EFBC}") = "DateTimeApp", "DateTimeApp\DateTimeApp.csproj", "{26EE5B5C-4C06-4466-A792-FF3E4947623E}"
EndProject
Global
	GlobalSection(SolutionConfigurationPlatforms) = preSolution
		Debug|Any CPU = Debug|Any CPU
		Release|Any CPU = Release|Any CPU
	EndGlobalSection
	GlobalSection(ProjectConfigurationPlatforms) = postSolution
		{26EE5B5C-4C06-4466-A792-FF3E4947623E}.Debug|Any CPU.ActiveCfg = Debug|Any CPU
		{26EE5B5C-4C06-4466-A792-FF3E4947623E}.Debug|Any CPU.Build.0 = Debug|Any CPU
		{26EE5B5C-4C06-4466-A792-FF3E4947623E}.Release|Any CPU.ActiveCfg = Release|Any CPU
		{26EE5B5C-4C06-4466-A792-FF3E4947623E}.Release|Any CPU.Build.0 = Release|Any CPU
	EndGlobalSection
	GlobalSection(SolutionProperties) = preSolution
		HideSolutionNode = FALSE
	EndGlobalSection
	GlobalSection(ExtensibilityGlobals) = postSolution
		SolutionGuid = {E61DCC5C-6AF5-4164-94C7-97F280FF3F81}
	EndGlobalSection
EndGlobal
