
Microsoft Visual Studio Solution File, Format Version 12.00
# Visual Studio 15
VisualStudioVersion = 15.0.28307.852
MinimumVisualStudioVersion = 10.0.40219.1
Project("{FAE04EC0-301F-11D3-BF4B-00C04F79EFBC}") = "CodeFirstMigrationExample", "CodeFirstMigrationExample\CodeFirstMigrationExample.csproj", "{9C86F0A2-C8BF-41F8-B019-ACA171AEB6A7}"
EndProject
Global
	GlobalSection(SolutionConfigurationPlatforms) = preSolution
		Debug|Any CPU = Debug|Any CPU
		Release|Any CPU = Release|Any CPU
	EndGlobalSection
	GlobalSection(ProjectConfigurationPlatforms) = postSolution
		{9C86F0A2-C8BF-41F8-B019-ACA171AEB6A7}.Debug|Any CPU.ActiveCfg = Debug|Any CPU
		{9C86F0A2-C8BF-41F8-B019-ACA171AEB6A7}.Debug|Any CPU.Build.0 = Debug|Any CPU
		{9C86F0A2-C8BF-41F8-B019-ACA171AEB6A7}.Release|Any CPU.ActiveCfg = Release|Any CPU
		{9C86F0A2-C8BF-41F8-B019-ACA171AEB6A7}.Release|Any CPU.Build.0 = Release|Any CPU
	EndGlobalSection
	GlobalSection(SolutionProperties) = preSolution
		HideSolutionNode = FALSE
	EndGlobalSection
	GlobalSection(ExtensibilityGlobals) = postSolution
		SolutionGuid = {C6AE3FBD-49A7-48C8-9251-F0BF8FD08929}
	EndGlobalSection
EndGlobal
