
Microsoft Visual Studio Solution File, Format Version 12.00
# Visual Studio 15
VisualStudioVersion = 15.0.28307.852
MinimumVisualStudioVersion = 10.0.40219.1
Project("{FAE04EC0-301F-11D3-BF4B-00C04F79EFBC}") = "Array", "Day03\Array.csproj", "{09013374-BFFF-411F-B616-603FB18DF30C}"
EndProject
Project("{FAE04EC0-301F-11D3-BF4B-00C04F79EFBC}") = "ListArraylist", "ListArraylist\ListArraylist.csproj", "{1C9D905A-2729-4E88-914B-3FEBA967339F}"
EndProject
Project("{FAE04EC0-301F-11D3-BF4B-00C04F79EFBC}") = "StackQueue", "StackQueue\StackQueue.csproj", "{7800730E-D55F-4CEA-8092-B051E5BB74FD}"
EndProject
Project("{FAE04EC0-301F-11D3-BF4B-00C04F79EFBC}") = "HashtableDictionary", "HashtableDictionary\HashtableDictionary.csproj", "{69DCE0F7-35DC-4112-9F1D-2BA6FAEF4ECC}"
EndProject
Global
	GlobalSection(SolutionConfigurationPlatforms) = preSolution
		Debug|Any CPU = Debug|Any CPU
		Release|Any CPU = Release|Any CPU
	EndGlobalSection
	GlobalSection(ProjectConfigurationPlatforms) = postSolution
		{09013374-BFFF-411F-B616-603FB18DF30C}.Debug|Any CPU.ActiveCfg = Debug|Any CPU
		{09013374-BFFF-411F-B616-603FB18DF30C}.Debug|Any CPU.Build.0 = Debug|Any CPU
		{09013374-BFFF-411F-B616-603FB18DF30C}.Release|Any CPU.ActiveCfg = Release|Any CPU
		{09013374-BFFF-411F-B616-603FB18DF30C}.Release|Any CPU.Build.0 = Release|Any CPU
		{1C9D905A-2729-4E88-914B-3FEBA967339F}.Debug|Any CPU.ActiveCfg = Debug|Any CPU
		{1C9D905A-2729-4E88-914B-3FEBA967339F}.Debug|Any CPU.Build.0 = Debug|Any CPU
		{1C9D905A-2729-4E88-914B-3FEBA967339F}.Release|Any CPU.ActiveCfg = Release|Any CPU
		{1C9D905A-2729-4E88-914B-3FEBA967339F}.Release|Any CPU.Build.0 = Release|Any CPU
		{7800730E-D55F-4CEA-8092-B051E5BB74FD}.Debug|Any CPU.ActiveCfg = Debug|Any CPU
		{7800730E-D55F-4CEA-8092-B051E5BB74FD}.Debug|Any CPU.Build.0 = Debug|Any CPU
		{7800730E-D55F-4CEA-8092-B051E5BB74FD}.Release|Any CPU.ActiveCfg = Release|Any CPU
		{7800730E-D55F-4CEA-8092-B051E5BB74FD}.Release|Any CPU.Build.0 = Release|Any CPU
		{69DCE0F7-35DC-4112-9F1D-2BA6FAEF4ECC}.Debug|Any CPU.ActiveCfg = Debug|Any CPU
		{69DCE0F7-35DC-4112-9F1D-2BA6FAEF4ECC}.Debug|Any CPU.Build.0 = Debug|Any CPU
		{69DCE0F7-35DC-4112-9F1D-2BA6FAEF4ECC}.Release|Any CPU.ActiveCfg = Release|Any CPU
		{69DCE0F7-35DC-4112-9F1D-2BA6FAEF4ECC}.Release|Any CPU.Build.0 = Release|Any CPU
	EndGlobalSection
	GlobalSection(SolutionProperties) = preSolution
		HideSolutionNode = FALSE
	EndGlobalSection
	GlobalSection(ExtensibilityGlobals) = postSolution
		SolutionGuid = {B488FF31-BC4A-4C38-BEDB-3C799B55780E}
	EndGlobalSection
EndGlobal
