
Microsoft Visual Studio Solution File, Format Version 12.00
# Visual Studio 15
VisualStudioVersion = 15.0.28307.852
MinimumVisualStudioVersion = 10.0.40219.1
Project("{FAE04EC0-301F-11D3-BF4B-00C04F79EFBC}") = "CalculatorWebApp", "CalculatorWebApp\CalculatorWebApp.csproj", "{FED2C9AE-B953-4B5A-9744-4AC6DA53D12A}"
EndProject
Global
	GlobalSection(SolutionConfigurationPlatforms) = preSolution
		Debug|Any CPU = Debug|Any CPU
		Release|Any CPU = Release|Any CPU
	EndGlobalSection
	GlobalSection(ProjectConfigurationPlatforms) = postSolution
		{FED2C9AE-B953-4B5A-9744-4AC6DA53D12A}.Debug|Any CPU.ActiveCfg = Debug|Any CPU
		{FED2C9AE-B953-4B5A-9744-4AC6DA53D12A}.Debug|Any CPU.Build.0 = Debug|Any CPU
		{FED2C9AE-B953-4B5A-9744-4AC6DA53D12A}.Release|Any CPU.ActiveCfg = Release|Any CPU
		{FED2C9AE-B953-4B5A-9744-4AC6DA53D12A}.Release|Any CPU.Build.0 = Release|Any CPU
	EndGlobalSection
	GlobalSection(SolutionProperties) = preSolution
		HideSolutionNode = FALSE
	EndGlobalSection
	GlobalSection(ExtensibilityGlobals) = postSolution
		SolutionGuid = {242C1AA6-0AB0-4FEA-9CA8-958566F08FE9}
	EndGlobalSection
EndGlobal
