
Microsoft Visual Studio Solution File, Format Version 12.00
# Visual Studio 15
VisualStudioVersion = 15.0.28307.852
MinimumVisualStudioVersion = 10.0.40219.1
Project("{FAE04EC0-301F-11D3-BF4B-00C04F79EFBC}") = "PersonInformationApp", "PersonInformationApp\PersonInformationApp.csproj", "{6B73764C-49DF-40D5-8236-C8686C608F17}"
EndProject
Global
	GlobalSection(SolutionConfigurationPlatforms) = preSolution
		Debug|Any CPU = Debug|Any CPU
		Release|Any CPU = Release|Any CPU
	EndGlobalSection
	GlobalSection(ProjectConfigurationPlatforms) = postSolution
		{6B73764C-49DF-40D5-8236-C8686C608F17}.Debug|Any CPU.ActiveCfg = Debug|Any CPU
		{6B73764C-49DF-40D5-8236-C8686C608F17}.Debug|Any CPU.Build.0 = Debug|Any CPU
		{6B73764C-49DF-40D5-8236-C8686C608F17}.Release|Any CPU.ActiveCfg = Release|Any CPU
		{6B73764C-49DF-40D5-8236-C8686C608F17}.Release|Any CPU.Build.0 = Release|Any CPU
	EndGlobalSection
	GlobalSection(SolutionProperties) = preSolution
		HideSolutionNode = FALSE
	EndGlobalSection
	GlobalSection(ExtensibilityGlobals) = postSolution
		SolutionGuid = {F116ECBC-1D67-4791-9A9F-85721ED49FAD}
	EndGlobalSection
EndGlobal
