
Microsoft Visual Studio Solution File, Format Version 12.00
# Visual Studio 15
VisualStudioVersion = 15.0.28307.852
MinimumVisualStudioVersion = 10.0.40219.1
Project("{FAE04EC0-301F-11D3-BF4B-00C04F79EFBC}") = "Day01", "Day01\Day01.csproj", "{20C8BAC7-257E-457E-85C1-58B11A03D914}"
EndProject
Global
	GlobalSection(SolutionConfigurationPlatforms) = preSolution
		Debug|Any CPU = Debug|Any CPU
		Release|Any CPU = Release|Any CPU
	EndGlobalSection
	GlobalSection(ProjectConfigurationPlatforms) = postSolution
		{20C8BAC7-257E-457E-85C1-58B11A03D914}.Debug|Any CPU.ActiveCfg = Debug|Any CPU
		{20C8BAC7-257E-457E-85C1-58B11A03D914}.Debug|Any CPU.Build.0 = Debug|Any CPU
		{20C8BAC7-257E-457E-85C1-58B11A03D914}.Release|Any CPU.ActiveCfg = Release|Any CPU
		{20C8BAC7-257E-457E-85C1-58B11A03D914}.Release|Any CPU.Build.0 = Release|Any CPU
	EndGlobalSection
	GlobalSection(SolutionProperties) = preSolution
		HideSolutionNode = FALSE
	EndGlobalSection
	GlobalSection(ExtensibilityGlobals) = postSolution
		SolutionGuid = {676C6D4A-A37A-4B36-8C8D-F8720DC8DD08}
	EndGlobalSection
EndGlobal
