
Microsoft Visual Studio Solution File, Format Version 12.00
# Visual Studio 15
VisualStudioVersion = 15.0.28307.852
MinimumVisualStudioVersion = 10.0.40219.1
Project("{FAE04EC0-301F-11D3-BF4B-00C04F79EFBC}") = "ShopInfoManagementMVC", "ShopInfoManagementMVC\ShopInfoManagementMVC.csproj", "{008DD0D2-09C4-44AF-80B9-2FDDAD6FEB0B}"
EndProject
Global
	GlobalSection(SolutionConfigurationPlatforms) = preSolution
		Debug|Any CPU = Debug|Any CPU
		Release|Any CPU = Release|Any CPU
	EndGlobalSection
	GlobalSection(ProjectConfigurationPlatforms) = postSolution
		{008DD0D2-09C4-44AF-80B9-2FDDAD6FEB0B}.Debug|Any CPU.ActiveCfg = Debug|Any CPU
		{008DD0D2-09C4-44AF-80B9-2FDDAD6FEB0B}.Debug|Any CPU.Build.0 = Debug|Any CPU
		{008DD0D2-09C4-44AF-80B9-2FDDAD6FEB0B}.Release|Any CPU.ActiveCfg = Release|Any CPU
		{008DD0D2-09C4-44AF-80B9-2FDDAD6FEB0B}.Release|Any CPU.Build.0 = Release|Any CPU
	EndGlobalSection
	GlobalSection(SolutionProperties) = preSolution
		HideSolutionNode = FALSE
	EndGlobalSection
	GlobalSection(ExtensibilityGlobals) = postSolution
		SolutionGuid = {AECE4315-5BDB-423B-AFF2-BA25658C2DAC}
	EndGlobalSection
EndGlobal
