
Microsoft Visual Studio Solution File, Format Version 12.00
# Visual Studio 15
VisualStudioVersion = 15.0.28307.572
MinimumVisualStudioVersion = 10.0.40219.1
Project("{FAE04EC0-301F-11D3-BF4B-00C04F79EFBC}") = "InheritanceRelationshipExample", "InheritanceRelationshipExample\InheritanceRelationshipExample.csproj", "{A5C53B8E-D4F7-44F7-B203-C213631714EB}"
EndProject
Global
	GlobalSection(SolutionConfigurationPlatforms) = preSolution
		Debug|Any CPU = Debug|Any CPU
		Release|Any CPU = Release|Any CPU
	EndGlobalSection
	GlobalSection(ProjectConfigurationPlatforms) = postSolution
		{A5C53B8E-D4F7-44F7-B203-C213631714EB}.Debug|Any CPU.ActiveCfg = Debug|Any CPU
		{A5C53B8E-D4F7-44F7-B203-C213631714EB}.Debug|Any CPU.Build.0 = Debug|Any CPU
		{A5C53B8E-D4F7-44F7-B203-C213631714EB}.Release|Any CPU.ActiveCfg = Release|Any CPU
		{A5C53B8E-D4F7-44F7-B203-C213631714EB}.Release|Any CPU.Build.0 = Release|Any CPU
	EndGlobalSection
	GlobalSection(SolutionProperties) = preSolution
		HideSolutionNode = FALSE
	EndGlobalSection
	GlobalSection(ExtensibilityGlobals) = postSolution
		SolutionGuid = {6D1EBAFA-ECF4-4263-AE28-751DC18EA33C}
	EndGlobalSection
EndGlobal
