
Microsoft Visual Studio Solution File, Format Version 12.00
# Visual Studio 15
VisualStudioVersion = 15.0.28307.852
MinimumVisualStudioVersion = 10.0.40219.1
Project("{FAE04EC0-301F-11D3-BF4B-00C04F79EFBC}") = "StudentInfoManagementApp", "StudentInfoManagementApp\StudentInfoManagementApp.csproj", "{831DAF7C-89B7-4FC7-B516-4B9F3BCDD44E}"
EndProject
Global
	GlobalSection(SolutionConfigurationPlatforms) = preSolution
		Debug|Any CPU = Debug|Any CPU
		Release|Any CPU = Release|Any CPU
	EndGlobalSection
	GlobalSection(ProjectConfigurationPlatforms) = postSolution
		{831DAF7C-89B7-4FC7-B516-4B9F3BCDD44E}.Debug|Any CPU.ActiveCfg = Debug|Any CPU
		{831DAF7C-89B7-4FC7-B516-4B9F3BCDD44E}.Debug|Any CPU.Build.0 = Debug|Any CPU
		{831DAF7C-89B7-4FC7-B516-4B9F3BCDD44E}.Release|Any CPU.ActiveCfg = Release|Any CPU
		{831DAF7C-89B7-4FC7-B516-4B9F3BCDD44E}.Release|Any CPU.Build.0 = Release|Any CPU
	EndGlobalSection
	GlobalSection(SolutionProperties) = preSolution
		HideSolutionNode = FALSE
	EndGlobalSection
	GlobalSection(ExtensibilityGlobals) = postSolution
		SolutionGuid = {255905F6-CA6B-4B84-8D31-42E83D6F8B55}
	EndGlobalSection
EndGlobal
