
Microsoft Visual Studio Solution File, Format Version 12.00
# Visual Studio 15
VisualStudioVersion = 15.0.28307.852
MinimumVisualStudioVersion = 10.0.40219.1
Project("{FAE04EC0-301F-11D3-BF4B-00C04F79EFBC}") = "SelfPractice", "SelfPractice\SelfPractice.csproj", "{DDABEDB5-80DA-42C8-807D-1FF3B8401741}"
EndProject
Global
	GlobalSection(SolutionConfigurationPlatforms) = preSolution
		Debug|Any CPU = Debug|Any CPU
		Release|Any CPU = Release|Any CPU
	EndGlobalSection
	GlobalSection(ProjectConfigurationPlatforms) = postSolution
		{DDABEDB5-80DA-42C8-807D-1FF3B8401741}.Debug|Any CPU.ActiveCfg = Debug|Any CPU
		{DDABEDB5-80DA-42C8-807D-1FF3B8401741}.Debug|Any CPU.Build.0 = Debug|Any CPU
		{DDABEDB5-80DA-42C8-807D-1FF3B8401741}.Release|Any CPU.ActiveCfg = Release|Any CPU
		{DDABEDB5-80DA-42C8-807D-1FF3B8401741}.Release|Any CPU.Build.0 = Release|Any CPU
	EndGlobalSection
	GlobalSection(SolutionProperties) = preSolution
		HideSolutionNode = FALSE
	EndGlobalSection
	GlobalSection(ExtensibilityGlobals) = postSolution
		SolutionGuid = {B95203E2-EF76-4A96-AC46-E6BFD51D1F71}
	EndGlobalSection
EndGlobal
