
Microsoft Visual Studio Solution File, Format Version 12.00
# Visual Studio 15
VisualStudioVersion = 15.0.28307.572
MinimumVisualStudioVersion = 10.0.40219.1
Project("{FAE04EC0-301F-11D3-BF4B-00C04F79EFBC}") = "MobileInformationManagement", "MobileInformationManagement\MobileInformationManagement.csproj", "{E3E91611-1E0A-43C2-8921-B1E4B1E28CEF}"
EndProject
Global
	GlobalSection(SolutionConfigurationPlatforms) = preSolution
		Debug|Any CPU = Debug|Any CPU
		Release|Any CPU = Release|Any CPU
	EndGlobalSection
	GlobalSection(ProjectConfigurationPlatforms) = postSolution
		{E3E91611-1E0A-43C2-8921-B1E4B1E28CEF}.Debug|Any CPU.ActiveCfg = Debug|Any CPU
		{E3E91611-1E0A-43C2-8921-B1E4B1E28CEF}.Debug|Any CPU.Build.0 = Debug|Any CPU
		{E3E91611-1E0A-43C2-8921-B1E4B1E28CEF}.Release|Any CPU.ActiveCfg = Release|Any CPU
		{E3E91611-1E0A-43C2-8921-B1E4B1E28CEF}.Release|Any CPU.Build.0 = Release|Any CPU
	EndGlobalSection
	GlobalSection(SolutionProperties) = preSolution
		HideSolutionNode = FALSE
	EndGlobalSection
	GlobalSection(ExtensibilityGlobals) = postSolution
		SolutionGuid = {197FEBD6-6F40-40EF-A948-3666EB29A30B}
	EndGlobalSection
EndGlobal
