
Microsoft Visual Studio Solution File, Format Version 12.00
# Visual Studio 15
VisualStudioVersion = 15.0.28307.572
MinimumVisualStudioVersion = 10.0.40219.1
Project("{FAE04EC0-301F-11D3-BF4B-00C04F79EFBC}") = "AssociationRelationshipOneToMany", "AssociationRelationshipOneToMany\AssociationRelationshipOneToMany.csproj", "{0A965E53-C857-46F0-86F8-4B0E39D38489}"
EndProject
Global
	GlobalSection(SolutionConfigurationPlatforms) = preSolution
		Debug|Any CPU = Debug|Any CPU
		Release|Any CPU = Release|Any CPU
	EndGlobalSection
	GlobalSection(ProjectConfigurationPlatforms) = postSolution
		{0A965E53-C857-46F0-86F8-4B0E39D38489}.Debug|Any CPU.ActiveCfg = Debug|Any CPU
		{0A965E53-C857-46F0-86F8-4B0E39D38489}.Debug|Any CPU.Build.0 = Debug|Any CPU
		{0A965E53-C857-46F0-86F8-4B0E39D38489}.Release|Any CPU.ActiveCfg = Release|Any CPU
		{0A965E53-C857-46F0-86F8-4B0E39D38489}.Release|Any CPU.Build.0 = Release|Any CPU
	EndGlobalSection
	GlobalSection(SolutionProperties) = preSolution
		HideSolutionNode = FALSE
	EndGlobalSection
	GlobalSection(ExtensibilityGlobals) = postSolution
		SolutionGuid = {164D982D-425B-42A0-A5C1-4C7323A853A7}
	EndGlobalSection
EndGlobal
