
Microsoft Visual Studio Solution File, Format Version 12.00
# Visual Studio 15
VisualStudioVersion = 15.0.28307.852
MinimumVisualStudioVersion = 10.0.40219.1
Project("{FAE04EC0-301F-11D3-BF4B-00C04F79EFBC}") = "ModelBinding", "ModelBinding\ModelBinding.csproj", "{B26A41AD-2AF8-4044-B9A3-418408E2E6CF}"
EndProject
Global
	GlobalSection(SolutionConfigurationPlatforms) = preSolution
		Debug|Any CPU = Debug|Any CPU
		Release|Any CPU = Release|Any CPU
	EndGlobalSection
	GlobalSection(ProjectConfigurationPlatforms) = postSolution
		{B26A41AD-2AF8-4044-B9A3-418408E2E6CF}.Debug|Any CPU.ActiveCfg = Debug|Any CPU
		{B26A41AD-2AF8-4044-B9A3-418408E2E6CF}.Debug|Any CPU.Build.0 = Debug|Any CPU
		{B26A41AD-2AF8-4044-B9A3-418408E2E6CF}.Release|Any CPU.ActiveCfg = Release|Any CPU
		{B26A41AD-2AF8-4044-B9A3-418408E2E6CF}.Release|Any CPU.Build.0 = Release|Any CPU
	EndGlobalSection
	GlobalSection(SolutionProperties) = preSolution
		HideSolutionNode = FALSE
	EndGlobalSection
	GlobalSection(ExtensibilityGlobals) = postSolution
		SolutionGuid = {654A1442-4606-4723-8549-03DDD2BC3284}
	EndGlobalSection
EndGlobal
